
Microsoft Visual Studio Solution File, Format Version 12.00
# Visual Studio Version 17
VisualStudioVersion = 17.8.34525.116
MinimumVisualStudioVersion = 10.0.40219.1
Project("{9A19103F-16F7-4668-BE54-9A1E7A4F7556}") = "Nuuz.Api", "Nuuz.Api.csproj", "{D6157CC9-8733-4FF2-BC5E-85DEE953ABB2}"
EndProject
Project("{FAE04EC0-301F-11D3-BF4B-00C04F79EFBC}") = "Nuuz.Application", "..\Nuuz.Application\Nuuz.Application.csproj", "{E6F5197C-6396-483A-B282-59A94C8FD90F}"
EndProject
Project("{FAE04EC0-301F-11D3-BF4B-00C04F79EFBC}") = "Nuuz.Domain", "..\Nuuz.Domain\Nuuz.Domain.csproj", "{499786E3-9D9B-45A9-8BF6-54D413F51771}"
EndProject
Project("{FAE04EC0-301F-11D3-BF4B-00C04F79EFBC}") = "Nuuz.Infrastructure", "..\Nuuz.Infrastructure\Nuuz.Infrastructure.csproj", "{13863967-CDBF-4882-A210-E19719804873}"
EndProject
Project("{FAE04EC0-301F-11D3-BF4B-00C04F79EFBC}") = "Nuuz.Common", "..\Nuuz.Common\Nuuz.Common.csproj", "{83317DCB-BFAC-4B28-A1B2-959761112526}"
EndProject
Global
	GlobalSection(SolutionConfigurationPlatforms) = preSolution
		Debug|Any CPU = Debug|Any CPU
		Release|Any CPU = Release|Any CPU
	EndGlobalSection
	GlobalSection(ProjectConfigurationPlatforms) = postSolution
		{D6157CC9-8733-4FF2-BC5E-85DEE953ABB2}.Debug|Any CPU.ActiveCfg = Debug|Any CPU
		{D6157CC9-8733-4FF2-BC5E-85DEE953ABB2}.Debug|Any CPU.Build.0 = Debug|Any CPU
		{D6157CC9-8733-4FF2-BC5E-85DEE953ABB2}.Release|Any CPU.ActiveCfg = Release|Any CPU
		{D6157CC9-8733-4FF2-BC5E-85DEE953ABB2}.Release|Any CPU.Build.0 = Release|Any CPU
		{E6F5197C-6396-483A-B282-59A94C8FD90F}.Debug|Any CPU.ActiveCfg = Debug|Any CPU
		{E6F5197C-6396-483A-B282-59A94C8FD90F}.Debug|Any CPU.Build.0 = Debug|Any CPU
		{E6F5197C-6396-483A-B282-59A94C8FD90F}.Release|Any CPU.ActiveCfg = Release|Any CPU
		{E6F5197C-6396-483A-B282-59A94C8FD90F}.Release|Any CPU.Build.0 = Release|Any CPU
		{499786E3-9D9B-45A9-8BF6-54D413F51771}.Debug|Any CPU.ActiveCfg = Debug|Any CPU
		{499786E3-9D9B-45A9-8BF6-54D413F51771}.Debug|Any CPU.Build.0 = Debug|Any CPU
		{499786E3-9D9B-45A9-8BF6-54D413F51771}.Release|Any CPU.ActiveCfg = Release|Any CPU
		{499786E3-9D9B-45A9-8BF6-54D413F51771}.Release|Any CPU.Build.0 = Release|Any CPU
		{13863967-CDBF-4882-A210-E19719804873}.Debug|Any CPU.ActiveCfg = Debug|Any CPU
		{13863967-CDBF-4882-A210-E19719804873}.Debug|Any CPU.Build.0 = Debug|Any CPU
		{13863967-CDBF-4882-A210-E19719804873}.Release|Any CPU.ActiveCfg = Release|Any CPU
		{13863967-CDBF-4882-A210-E19719804873}.Release|Any CPU.Build.0 = Release|Any CPU
		{83317DCB-BFAC-4B28-A1B2-959761112526}.Debug|Any CPU.ActiveCfg = Debug|Any CPU
		{83317DCB-BFAC-4B28-A1B2-959761112526}.Debug|Any CPU.Build.0 = Debug|Any CPU
		{83317DCB-BFAC-4B28-A1B2-959761112526}.Release|Any CPU.ActiveCfg = Release|Any CPU
		{83317DCB-BFAC-4B28-A1B2-959761112526}.Release|Any CPU.Build.0 = Release|Any CPU
	EndGlobalSection
	GlobalSection(SolutionProperties) = preSolution
		HideSolutionNode = FALSE
	EndGlobalSection
	GlobalSection(ExtensibilityGlobals) = postSolution
		SolutionGuid = {D205FEEC-A789-44FD-816F-BAF28B76150E}
	EndGlobalSection
EndGlobal
